{
  "originHash" : "05541190079e1a3f9593f05d88216f1407653828758f48564fc63232ba3ea8fe",
  "pins" : [
    {
      "identity" : "capacitor-swift-pm",
      "kind" : "remoteSourceControl",
      "location" : "https://github.com/ionic-team/capacitor-swift-pm.git",
      "state" : {
        "revision" : "3e7ccfb8ab4d321ffcbd4e490234758e139f8a09",
        "version" : "8.0.1"
      }
    },
    {
      "identity" : "purchases-hybrid-common",
      "kind" : "remoteSourceControl",
      "location" : "https://github.com/RevenueCat/purchases-hybrid-common.git",
      "state" : {
        "revision" : "328aed1653e8f710199e125e075a4a379b723d07",
        "version" : "17.27.1"
      }
    },
    {
      "identity" : "purchases-ios-spm",
      "kind" : "remoteSourceControl",
      "location" : "https://github.com/RevenueCat/purchases-ios-spm",
      "state" : {
        "revision" : "a0ab2cac1995202f9b554de5e3573f28eb30edab",
        "version" : "5.54.1"
      }
    }
  ],
  "version" : 3
}
